{
    "name": "trmb-demo-components",
    "version": "1.0.0",
    "lockfileVersion": 1,
    "requires": true,
    "dependencies": {
        "@polymer/polymer": {
            "version": "2.3.1",
            "resolved": "https://registry.npmjs.org/@polymer/polymer/-/polymer-2.3.1.tgz",
            "integrity": "sha512-WAGt35xECzabQpjz8wq6RrNYTWszwDZHExgHGsaBZ2+zSbozqWdxIqMEzNZJGXmXyxIsOxQ3bauYWFyXWU8ysA=="
        },
        "@webcomponents/webcomponentsjs": {
            "version": "1.0.22",
            "resolved": "https://registry.npmjs.org/@webcomponents/webcomponentsjs/-/webcomponentsjs-1.0.22.tgz",
            "integrity": "sha512-VREMJxIe5ydR6LdMpg27ojyfL635jH03680na5X2LNLY2UF1GOzNrNOAVaEf2mr+SDUpc9Rey+gt+qCvtbCGhQ=="
        }
    }
}
